
Microsoft Visual Studio Solution File, Format Version 12.00
# Visual Studio Version 17
VisualStudioVersion = 17.0.31903.59
MinimumVisualStudioVersion = 10.0.40219.1
Project("{2150E333-8FDC-42A3-9474-1A3956D46DE8}") = "src", "src", "{827E0CD3-B72D-47B6-A68D-7590B98EB39B}"
EndProject
Project("{FAE04EC0-301F-11D3-BF4B-00C04F79EFBC}") = "TestFramework", "src\TestFramework\TestFramework.csproj", "{2F87B3F3-9770-4D7F-A89B-AE71559A478B}"
EndProject
Project("{2150E333-8FDC-42A3-9474-1A3956D46DE8}") = "tests", "tests", "{0AB3BF05-4346-4AA6-1389-037BE0695223}"
EndProject
Project("{FAE04EC0-301F-11D3-BF4B-00C04F79EFBC}") = "UnitTests", "tests\UnitTests\UnitTests.csproj", "{95B56423-FB2E-406D-B499-1BB2F2BEC743}"
EndProject
Project("{FAE04EC0-301F-11D3-BF4B-00C04F79EFBC}") = "IntegrationTests", "tests\IntegrationTests\IntegrationTests.csproj", "{290930E2-E728-4879-8755-1045A8615CD2}"
EndProject
Project("{FAE04EC0-301F-11D3-BF4B-00C04F79EFBC}") = "E2ETests", "tests\E2ETests\E2ETests.csproj", "{BE83B228-B1FC-4CDD-BE95-71B60C582E0B}"
EndProject
Global
	GlobalSection(SolutionConfigurationPlatforms) = preSolution
		Debug|Any CPU = Debug|Any CPU
		Debug|x64 = Debug|x64
		Debug|x86 = Debug|x86
		Release|Any CPU = Release|Any CPU
		Release|x64 = Release|x64
		Release|x86 = Release|x86
	EndGlobalSection
	GlobalSection(ProjectConfigurationPlatforms) = postSolution
		{2F87B3F3-9770-4D7F-A89B-AE71559A478B}.Debug|Any CPU.ActiveCfg = Debug|Any CPU
		{2F87B3F3-9770-4D7F-A89B-AE71559A478B}.Debug|Any CPU.Build.0 = Debug|Any CPU
		{2F87B3F3-9770-4D7F-A89B-AE71559A478B}.Debug|x64.ActiveCfg = Debug|Any CPU
		{2F87B3F3-9770-4D7F-A89B-AE71559A478B}.Debug|x64.Build.0 = Debug|Any CPU
		{2F87B3F3-9770-4D7F-A89B-AE71559A478B}.Debug|x86.ActiveCfg = Debug|Any CPU
		{2F87B3F3-9770-4D7F-A89B-AE71559A478B}.Debug|x86.Build.0 = Debug|Any CPU
		{2F87B3F3-9770-4D7F-A89B-AE71559A478B}.Release|Any CPU.ActiveCfg = Release|Any CPU
		{2F87B3F3-9770-4D7F-A89B-AE71559A478B}.Release|Any CPU.Build.0 = Release|Any CPU
		{2F87B3F3-9770-4D7F-A89B-AE71559A478B}.Release|x64.ActiveCfg = Release|Any CPU
		{2F87B3F3-9770-4D7F-A89B-AE71559A478B}.Release|x64.Build.0 = Release|Any CPU
		{2F87B3F3-9770-4D7F-A89B-AE71559A478B}.Release|x86.ActiveCfg = Release|Any CPU
		{2F87B3F3-9770-4D7F-A89B-AE71559A478B}.Release|x86.Build.0 = Release|Any CPU
		{95B56423-FB2E-406D-B499-1BB2F2BEC743}.Debug|Any CPU.ActiveCfg = Debug|Any CPU
		{95B56423-FB2E-406D-B499-1BB2F2BEC743}.Debug|Any CPU.Build.0 = Debug|Any CPU
		{95B56423-FB2E-406D-B499-1BB2F2BEC743}.Debug|x64.ActiveCfg = Debug|Any CPU
		{95B56423-FB2E-406D-B499-1BB2F2BEC743}.Debug|x64.Build.0 = Debug|Any CPU
		{95B56423-FB2E-406D-B499-1BB2F2BEC743}.Debug|x86.ActiveCfg = Debug|Any CPU
		{95B56423-FB2E-406D-B499-1BB2F2BEC743}.Debug|x86.Build.0 = Debug|Any CPU
		{95B56423-FB2E-406D-B499-1BB2F2BEC743}.Release|Any CPU.ActiveCfg = Release|Any CPU
		{95B56423-FB2E-406D-B499-1BB2F2BEC743}.Release|Any CPU.Build.0 = Release|Any CPU
		{95B56423-FB2E-406D-B499-1BB2F2BEC743}.Release|x64.ActiveCfg = Release|Any CPU
		{95B56423-FB2E-406D-B499-1BB2F2BEC743}.Release|x64.Build.0 = Release|Any CPU
		{95B56423-FB2E-406D-B499-1BB2F2BEC743}.Release|x86.ActiveCfg = Release|Any CPU
		{95B56423-FB2E-406D-B499-1BB2F2BEC743}.Release|x86.Build.0 = Release|Any CPU
		{290930E2-E728-4879-8755-1045A8615CD2}.Debug|Any CPU.ActiveCfg = Debug|Any CPU
		{290930E2-E728-4879-8755-1045A8615CD2}.Debug|Any CPU.Build.0 = Debug|Any CPU
		{290930E2-E728-4879-8755-1045A8615CD2}.Debug|x64.ActiveCfg = Debug|Any CPU
		{290930E2-E728-4879-8755-1045A8615CD2}.Debug|x64.Build.0 = Debug|Any CPU
		{290930E2-E728-4879-8755-1045A8615CD2}.Debug|x86.ActiveCfg = Debug|Any CPU
		{290930E2-E728-4879-8755-1045A8615CD2}.Debug|x86.Build.0 = Debug|Any CPU
		{290930E2-E728-4879-8755-1045A8615CD2}.Release|Any CPU.ActiveCfg = Release|Any CPU
		{290930E2-E728-4879-8755-1045A8615CD2}.Release|Any CPU.Build.0 = Release|Any CPU
		{290930E2-E728-4879-8755-1045A8615CD2}.Release|x64.ActiveCfg = Release|Any CPU
		{290930E2-E728-4879-8755-1045A8615CD2}.Release|x64.Build.0 = Release|Any CPU
		{290930E2-E728-4879-8755-1045A8615CD2}.Release|x86.ActiveCfg = Release|Any CPU
		{290930E2-E728-4879-8755-1045A8615CD2}.Release|x86.Build.0 = Release|Any CPU
		{BE83B228-B1FC-4CDD-BE95-71B60C582E0B}.Debug|Any CPU.ActiveCfg = Debug|Any CPU
		{BE83B228-B1FC-4CDD-BE95-71B60C582E0B}.Debug|Any CPU.Build.0 = Debug|Any CPU
		{BE83B228-B1FC-4CDD-BE95-71B60C582E0B}.Debug|x64.ActiveCfg = Debug|Any CPU
		{BE83B228-B1FC-4CDD-BE95-71B60C582E0B}.Debug|x64.Build.0 = Debug|Any CPU
		{BE83B228-B1FC-4CDD-BE95-71B60C582E0B}.Debug|x86.ActiveCfg = Debug|Any CPU
		{BE83B228-B1FC-4CDD-BE95-71B60C582E0B}.Debug|x86.Build.0 = Debug|Any CPU
		{BE83B228-B1FC-4CDD-BE95-71B60C582E0B}.Release|Any CPU.ActiveCfg = Release|Any CPU
		{BE83B228-B1FC-4CDD-BE95-71B60C582E0B}.Release|Any CPU.Build.0 = Release|Any CPU
		{BE83B228-B1FC-4CDD-BE95-71B60C582E0B}.Release|x64.ActiveCfg = Release|Any CPU
		{BE83B228-B1FC-4CDD-BE95-71B60C582E0B}.Release|x64.Build.0 = Release|Any CPU
		{BE83B228-B1FC-4CDD-BE95-71B60C582E0B}.Release|x86.ActiveCfg = Release|Any CPU
		{BE83B228-B1FC-4CDD-BE95-71B60C582E0B}.Release|x86.Build.0 = Release|Any CPU
	EndGlobalSection
	GlobalSection(SolutionProperties) = preSolution
		HideSolutionNode = FALSE
	EndGlobalSection
	GlobalSection(NestedProjects) = preSolution
		{2F87B3F3-9770-4D7F-A89B-AE71559A478B} = {827E0CD3-B72D-47B6-A68D-7590B98EB39B}
		{95B56423-FB2E-406D-B499-1BB2F2BEC743} = {0AB3BF05-4346-4AA6-1389-037BE0695223}
		{290930E2-E728-4879-8755-1045A8615CD2} = {0AB3BF05-4346-4AA6-1389-037BE0695223}
		{BE83B228-B1FC-4CDD-BE95-71B60C582E0B} = {0AB3BF05-4346-4AA6-1389-037BE0695223}
	EndGlobalSection
EndGlobal
